
Microsoft Visual Studio Solution File, Format Version 12.00
# Visual Studio Version 17
VisualStudioVersion = 17.7.34031.279
MinimumVisualStudioVersion = 10.0.40219.1
Project("{FAE04EC0-301F-11D3-BF4B-00C04F79EFBC}") = "CheckConsecutiveConsonants", "CheckConsecutiveConsonants.csproj", "{BE02D844-C55E-44E8-AC9E-9DC16826A2AD}"
EndProject
Global
	GlobalSection(SolutionConfigurationPlatforms) = preSolution
		Debug|Any CPU = Debug|Any CPU
		Release|Any CPU = Release|Any CPU
	EndGlobalSection
	GlobalSection(ProjectConfigurationPlatforms) = postSolution
		{BE02D844-C55E-44E8-AC9E-9DC16826A2AD}.Debug|Any CPU.ActiveCfg = Debug|Any CPU
		{BE02D844-C55E-44E8-AC9E-9DC16826A2AD}.Debug|Any CPU.Build.0 = Debug|Any CPU
		{BE02D844-C55E-44E8-AC9E-9DC16826A2AD}.Release|Any CPU.ActiveCfg = Release|Any CPU
		{BE02D844-C55E-44E8-AC9E-9DC16826A2AD}.Release|Any CPU.Build.0 = Release|Any CPU
	EndGlobalSection
	GlobalSection(SolutionProperties) = preSolution
		HideSolutionNode = FALSE
	EndGlobalSection
	GlobalSection(ExtensibilityGlobals) = postSolution
		SolutionGuid = {A2869A68-4A71-47D9-BCAF-3C165DE981AC}
	EndGlobalSection
EndGlobal
